// !$*UTF8*$!
{
	archiveVersion = 1;
	classes = {
	};
	objectVersion = 46;
	objects = {

/* Begin PBXBuildFile section */
		C5ED9CA91C86BFFE00F56833 /* AppDelegate.swift in Sources */ = {isa = PBXBuildFile; fileRef = C5ED9CA81C86BFFE00F56833 /* AppDelegate.swift */; };
		C5ED9CAE1C86BFFE00F56833 /* Main.storyboard in Resources */ = {isa = PBXBuildFile; fileRef = C5ED9CAC1C86BFFE00F56833 /* Main.storyboard */; };
		C5ED9CB01C86BFFE00F56833 /* Assets.xcassets in Resources */ = {isa = PBXBuildFile; fileRef = C5ED9CAF1C86BFFE00F56833 /* Assets.xcassets */; };
		C5ED9CB31C86BFFE00F56833 /* LaunchScreen.storyboard in Resources */ = {isa = PBXBuildFile; fileRef = C5ED9CB11C86BFFE00F56833 /* LaunchScreen.storyboard */; };
		C5ED9CC11C87FD3700F56833 /* ItemsViewController.swift in Sources */ = {isa = PBXBuildFile; fileRef = C5ED9CC01C87FD3700F56833 /* ItemsViewController.swift */; };
		C5ED9CC31C88032D00F56833 /* Item.swift in Sources */ = {isa = PBXBuildFile; fileRef = C5ED9CC21C88032D00F56833 /* Item.swift */; };
/* End PBXBuildFile section */

/* Begin PBXFileReference section */
		C5ED9CA51C86BFFE00F56833 /* Homepwner.app */ = {isa = PBXFileReference; explicitFileType = wrapper.application; includeInIndex = 0; path = Homepwner.app; sourceTree = BUILT_PRODUCTS_DIR; };
		C5ED9CA81C86BFFE00F56833 /* AppDelegate.swift */ = {isa = PBXFileReference; lastKnownFileType = sourcecode.swift; path = AppDelegate.swift; sourceTree = "<group>"; };
		C5ED9CAD1C86BFFE00F56833 /* Base */ = {isa = PBXFileReference; lastKnownFileType = file.storyboard; name = Base; path = Base.lproj/Main.storyboard; sourceTree = "<group>"; };
		C5ED9CAF1C86BFFE00F56833 /* Assets.xcassets */ = {isa = PBXFileReference; lastKnownFileType = folder.assetcatalog; path = Assets.xcassets; sourceTree = "<group>"; };
		C5ED9CB21C86BFFE00F56833 /* Base */ = {isa = PBXFileReference; lastKnownFileType = file.storyboard; name = Base; path = Base.lproj/LaunchScreen.storyboard; sourceTree = "<group>"; };
		C5ED9CB41C86BFFE00F56833 /* Info.plist */ = {isa = PBXFileReference; lastKnownFileType = text.plist.xml; path = Info.plist; sourceTree = "<group>"; };
		C5ED9CC01C87FD3700F56833 /* ItemsViewController.swift */ = {isa = PBXFileReference; fileEncoding = 4; lastKnownFileType = sourcecode.swift; path = ItemsViewController.swift; sourceTree = "<group>"; };
		C5ED9CC21C88032D00F56833 /* Item.swift */ = {isa = PBXFileReference; fileEncoding = 4; lastKnownFileType = sourcecode.swift; path = Item.swift; sourceTree = "<group>"; };
/* End PBXFileReference section */

/* Begin PBXFrameworksBuildPhase section */
		C5ED9CA21C86BFFE00F56833 /* Frameworks */ = {
			isa = PBXFrameworksBuildPhase;
			buildActionMask = 2147483647;
			files = (
			);
			runOnlyForDeploymentPostprocessing = 0;
		};
/* End PBXFrameworksBuildPhase section */

/* Begin PBXGroup section */
		C5ED9C9C1C86BFFE00F56833 = {
			isa = PBXGroup;
			children = (
				C5ED9CA71C86BFFE00F56833 /* Homepwner */,
				C5ED9CA61C86BFFE00F56833 /* Products */,
			);
			sourceTree = "<group>";
		};
		C5ED9CA61C86BFFE00F56833 /* Products */ = {
			isa = PBXGroup;
			children = (
				C5ED9CA51C86BFFE00F56833 /* Homepwner.app */,
			);
			name = Products;
			sourceTree = "<group>";
		};
		C5ED9CA71C86BFFE00F56833 /* Homepwner */ = {
			isa = PBXGroup;
			children = (
				C5ED9CA81C86BFFE00F56833 /* AppDelegate.swift */,
				C5ED9CC01C87FD3700F56833 /* ItemsViewController.swift */,
				C5ED9CAC1C86BFFE00F56833 /* Main.storyboard */,
				C5ED9CAF1C86BFFE00F56833 /* Assets.xcassets */,
				C5ED9CB11C86BFFE00F56833 /* LaunchScreen.storyboard */,
				C5ED9CB41C86BFFE00F56833 /* Info.plist */,
				C5ED9CC21C88032D00F56833 /* Item.swift */,
			);
			path = Homepwner;
			sourceTree = "<group>";
		};
/* End PBXGroup section */

/* Begin PBXNativeTarget section */
		C5ED9CA41C86BFFE00F56833 /* Homepwner */ = {
			isa = PBXNativeTarget;
			buildConfigurationList = C5ED9CB71C86BFFE00F56833 /* Build configuration list for PBXNativeTarget "Homepwner" */;
			buildPhases = (
				C5ED9CA11C86BFFE00F56833 /* Sources */,
				C5ED9CA21C86BFFE00F56833 /* Frameworks */,
				C5ED9CA31C86BFFE00F56833 /* Resources */,
			);
			buildRules = (
			);
			dependencies = (
			);
			name = Homepwner;
			productName = Homepwner;
			productReference = C5ED9CA51C86BFFE00F56833 /* Homepwner.app */;
			productType = "com.apple.product-type.application";
		};
/* End PBXNativeTarget section */

/* Begin PBXProject section */
		C5ED9C9D1C86BFFE00F56833 /* Project object */ = {
			isa = PBXProject;
			attributes = {
				LastSwiftUpdateCheck = 0720;
				LastUpgradeCheck = 0720;
				ORGANIZATIONNAME = "Hieger Designs";
				TargetAttributes = {
					C5ED9CA41C86BFFE00F56833 = {
						CreatedOnToolsVersion = 7.2.1;
						DevelopmentTeam = HYA97Z2546;
					};
				};
			};
			buildConfigurationList = C5ED9CA01C86BFFE00F56833 /* Build configuration list for PBXProject "Homepwner" */;
			compatibilityVersion = "Xcode 3.2";
			developmentRegion = English;
			hasScannedForEncodings = 0;
			knownRegions = (
				en,
				Base,
			);
			mainGroup = C5ED9C9C1C86BFFE00F56833;
			productRefGroup = C5ED9CA61C86BFFE00F56833 /* Products */;
			projectDirPath = "";
			projectRoot = "";
			targets = (
				C5ED9CA41C86BFFE00F56833 /* Homepwner */,
			);
		};
/* End PBXProject section */

/* Begin PBXResourcesBuildPhase section */
		C5ED9CA31C86BFFE00F56833 /* Resources */ = {
			isa = PBXResourcesBuildPhase;
			buildActionMask = 2147483647;
			files = (
				C5ED9CB31C86BFFE00F56833 /* LaunchScreen.storyboard in Resources */,
				C5ED9CB01C86BFFE00F56833 /* Assets.xcassets in Resources */,
				C5ED9CAE1C86BFFE00F56833 /* Main.storyboard in Resources */,
			);
			runOnlyForDeploymentPostprocessing = 0;
		};
/* End PBXResourcesBuildPhase section */

/* Begin PBXSourcesBuildPhase section */
		C5ED9CA11C86BFFE00F56833 /* Sources */ = {
			isa = PBXSourcesBuildPhase;
			buildActionMask = 2147483647;
			files = (
				C5ED9CC11C87FD3700F56833 /* ItemsViewController.swift in Sources */,
				C5ED9CC31C88032D00F56833 /* Item.swift in Sources */,
				C5ED9CA91C86BFFE00F56833 /* AppDelegate.swift in Sources */,
			);
			runOnlyForDeploymentPostprocessing = 0;
		};
/* End PBXSourcesBuildPhase section */

/* Begin PBXVariantGroup section */
		C5ED9CAC1C86BFFE00F56833 /* Main.storyboard */ = {
			isa = PBXVariantGroup;
			children = (
				C5ED9CAD1C86BFFE00F56833 /* Base */,
			);
			name = Main.storyboard;
			sourceTree = "<group>";
		};
		C5ED9CB11C86BFFE00F56833 /* LaunchScreen.storyboard */ = {
			isa = PBXVariantGroup;
			children = (
				C5ED9CB21C86BFFE00F56833 /* Base */,
			);
			name = LaunchScreen.storyboard;
			sourceTree = "<group>";
		};
/* End PBXVariantGroup section */

/* Begin XCBuildConfiguration section */
		C5ED9CB51C86BFFE00F56833 /* Debug */ = {
			isa = XCBuildConfiguration;
			buildSettings = {
				ALWAYS_SEARCH_USER_PATHS = NO;
				CLANG_CXX_LANGUAGE_STANDARD = "gnu++0x";
				CLANG_CXX_LIBRARY = "libc++";
				CLANG_ENABLE_MODULES = YES;
				CLANG_ENABLE_OBJC_ARC = YES;
				CLANG_WARN_BOOL_CONVERSION = YES;
				CLANG_WARN_CONSTANT_CONVERSION = YES;
				CLANG_WARN_DIRECT_OBJC_ISA_USAGE = YES_ERROR;
				CLANG_WARN_EMPTY_BODY = YES;
				CLANG_WARN_ENUM_CONVERSION = YES;
				CLANG_WARN_INT_CONVERSION = YES;
				CLANG_WARN_OBJC_ROOT_CLASS = YES_ERROR;
				CLANG_WARN_UNREACHABLE_CODE = YES;
				CLANG_WARN__DUPLICATE_METHOD_MATCH = YES;
				"CODE_SIGN_IDENTITY[sdk=iphoneos*]" = "iPhone Developer";
				COPY_PHASE_STRIP = NO;
				DEBUG_INFORMATION_FORMAT = dwarf;
				ENABLE_STRICT_OBJC_MSGSEND = YES;
				ENABLE_TESTABILITY = YES;
				GCC_C_LANGUAGE_STANDARD = gnu99;
				GCC_DYNAMIC_NO_PIC = NO;
				GCC_NO_COMMON_BLOCKS = YES;
				GCC_OPTIMIZATION_LEVEL = 0;
				GCC_PREPROCESSOR_DEFINITIONS = (
					"DEBUG=1",
					"$(inherited)",
				);
				GCC_WARN_64_TO_32_BIT_CONVERSION = YES;
				GCC_WARN_ABOUT_RETURN_TYPE = YES_ERROR;
				GCC_WARN_UNDECLARED_SELECTOR = YES;
				GCC_WARN_UNINITIALIZED_AUTOS = YES_AGGRESSIVE;
				GCC_WARN_UNUSED_FUNCTION = YES;
				GCC_WARN_UNUSED_VARIABLE = YES;
				IPHONEOS_DEPLOYMENT_TARGET = 9.2;
				MTL_ENABLE_DEBUG_INFO = YES;
				ONLY_ACTIVE_ARCH = YES;
				SDKROOT = iphoneos;
				SWIFT_OPTIMIZATION_LEVEL = "-Onone";
			};
			name = Debug;
		};
		C5ED9CB61C86BFFE00F56833 /* Release */ = {
			isa = XCBuildConfiguration;
			buildSettings = {
				ALWAYS_SEARCH_USER_PATHS = NO;
				CLANG_CXX_LANGUAGE_STANDARD = "gnu++0x";
				CLANG_CXX_LIBRARY = "libc++";
				CLANG_ENABLE_MODULES = YES;
				CLANG_ENABLE_OBJC_ARC = YES;
				CLANG_WARN_BOOL_CONVERSION = YES;
				CLANG_WARN_CONSTANT_CONVERSION = YES;
				CLANG_WARN_DIRECT_OBJC_ISA_USAGE = YES_ERROR;
				CLANG_WARN_EMPTY_BODY = YES;
				CLANG_WARN_ENUM_CONVERSION = YES;
				CLANG_WARN_INT_CONVERSION = YES;
				CLANG_WARN_OBJC_ROOT_CLASS = YES_ERROR;
				CLANG_WARN_UNREACHABLE_CODE = YES;
				CLANG_WARN__DUPLICATE_METHOD_MATCH = YES;
				"CODE_SIGN_IDENTITY[sdk=iphoneos*]" = "iPhone Developer";
				COPY_PHASE_STRIP = NO;
				DEBUG_INFORMATION_FORMAT = "dwarf-with-dsym";
				ENABLE_NS_ASSERTIONS = NO;
				ENABLE_STRICT_OBJC_MSGSEND = YES;
				GCC_C_LANGUAGE_STANDARD = gnu99;
				GCC_NO_COMMON_BLOCKS = YES;
				GCC_WARN_64_TO_32_BIT_CONVERSION = YES;
				GCC_WARN_ABOUT_RETURN_TYPE = YES_ERROR;
				GCC_WARN_UNDECLARED_SELECTOR = YES;
				GCC_WARN_UNINITIALIZED_AUTOS = YES_AGGRESSIVE;
				GCC_WARN_UNUSED_FUNCTION = YES;
				GCC_WARN_UNUSED_VARIABLE = YES;
				IPHONEOS_DEPLOYMENT_TARGET = 9.2;
				MTL_ENABLE_DEBUG_INFO = NO;
				SDKROOT = iphoneos;
				VALIDATE_PRODUCT = YES;
			};
			name = Release;
		};
		C5ED9CB81C86BFFE00F56833 /* Debug */ = {
			isa = XCBuildConfiguration;
			buildSettings = {
				ASSETCATALOG_COMPILER_APPICON_NAME = AppIcon;
				CODE_SIGN_IDENTITY = "iPhone Developer";
				INFOPLIST_FILE = Homepwner/Info.plist;
				LD_RUNPATH_SEARCH_PATHS = "$(inherited) @executable_path/Frameworks";
				PRODUCT_BUNDLE_IDENTIFIER = com.hiegerdesigns.Homepwner;
				PRODUCT_NAME = "$(TARGET_NAME)";
			};
			name = Debug;
		};
		C5ED9CB91C86BFFE00F56833 /* Release */ = {
			isa = XCBuildConfiguration;
			buildSettings = {
				ASSETCATALOG_COMPILER_APPICON_NAME = AppIcon;
				CODE_SIGN_IDENTITY = "iPhone Developer";
				INFOPLIST_FILE = Homepwner/Info.plist;
				LD_RUNPATH_SEARCH_PATHS = "$(inherited) @executable_path/Frameworks";
				PRODUCT_BUNDLE_IDENTIFIER = com.hiegerdesigns.Homepwner;
				PRODUCT_NAME = "$(TARGET_NAME)";
			};
			name = Release;
		};
/* End XCBuildConfiguration section */

/* Begin XCConfigurationList section */
		C5ED9CA01C86BFFE00F56833 /* Build configuration list for PBXProject "Homepwner" */ = {
			isa = XCConfigurationList;
			buildConfigurations = (
				C5ED9CB51C86BFFE00F56833 /* Debug */,
				C5ED9CB61C86BFFE00F56833 /* Release */,
			);
			defaultConfigurationIsVisible = 0;
			defaultConfigurationName = Release;
		};
		C5ED9CB71C86BFFE00F56833 /* Build configuration list for PBXNativeTarget "Homepwner" */ = {
			isa = XCConfigurationList;
			buildConfigurations = (
				C5ED9CB81C86BFFE00F56833 /* Debug */,
				C5ED9CB91C86BFFE00F56833 /* Release */,
			);
			defaultConfigurationIsVisible = 0;
			defaultConfigurationName = Release;
		};
/* End XCConfigurationList section */
	};
	rootObject = C5ED9C9D1C86BFFE00F56833 /* Project object */;
}
